// !$*UTF8*$!
{
	archiveVersion = 1;
	classes = {
	};
	objectVersion = 77;
	objects = {

/* Begin PBXContainerItemProxy section */
		FE3611612DACAF02001AFEE0 /* PBXContainerItemProxy */ = {
			isa = PBXContainerItemProxy;
			containerPortal = FE3611422DACAF01001AFEE0 /* Project object */;
			proxyType = 1;
			remoteGlobalIDString = FE3611492DACAF01001AFEE0;
			remoteInfo = WeShop;
		};
		FE36116B2DACAF02001AFEE0 /* PBXContainerItemProxy */ = {
			isa = PBXContainerItemProxy;
			containerPortal = FE3611422DACAF01001AFEE0 /* Project object */;
			proxyType = 1;
			remoteGlobalIDString = FE3611492DACAF01001AFEE0;
			remoteInfo = WeShop;
		};
/* End PBXContainerItemProxy section */

/* Begin PBXFileReference section */
		FE36114A2DACAF01001AFEE0 /* WeShop.app */ = {isa = PBXFileReference; explicitFileType = wrapper.application; includeInIndex = 0; path = WeShop.app; sourceTree = BUILT_PRODUCTS_DIR; };
		FE3611602DACAF02001AFEE0 /* WeShopTests.xctest */ = {isa = PBXFileReference; explicitFileType = wrapper.cfbundle; includeInIndex = 0; path = WeShopTests.xctest; sourceTree = BUILT_PRODUCTS_DIR; };
		FE36116A2DACAF02001AFEE0 /* WeShopUITests.xctest */ = {isa = PBXFileReference; explicitFileType = wrapper.cfbundle; includeInIndex = 0; path = WeShopUITests.xctest; sourceTree = BUILT_PRODUCTS_DIR; };
/* End PBXFileReference section */

/* Begin PBXFileSystemSynchronizedBuildFileExceptionSet section */
		FE3611722DACAF02001AFEE0 /* Exceptions for "WeShop" folder in "WeShop" target */ = {
			isa = PBXFileSystemSynchronizedBuildFileExceptionSet;
			membershipExceptions = (
				Info.plist,
			);
			target = FE3611492DACAF01001AFEE0 /* WeShop */;
		};
/* End PBXFileSystemSynchronizedBuildFileExceptionSet section */

/* Begin PBXFileSystemSynchronizedRootGroup section */
		FE36114C2DACAF01001AFEE0 /* WeShop */ = {
			isa = PBXFileSystemSynchronizedRootGroup;
			exceptions = (
				FE3611722DACAF02001AFEE0 /* Exceptions for "WeShop" folder in "WeShop" target */,
			);
			path = WeShop;
			sourceTree = "<group>";
		};
		FE3611632DACAF02001AFEE0 /* WeShopTests */ = {
			isa = PBXFileSystemSynchronizedRootGroup;
			path = WeShopTests;
			sourceTree = "<group>";
		};
		FE36116D2DACAF02001AFEE0 /* WeShopUITests */ = {
			isa = PBXFileSystemSynchronizedRootGroup;
			path = WeShopUITests;
			sourceTree = "<group>";
		};
/* End PBXFileSystemSynchronizedRootGroup section */

/* Begin PBXFrameworksBuildPhase section */
		FE3611472DACAF01001AFEE0 /* Frameworks */ = {
			isa = PBXFrameworksBuildPhase;
			buildActionMask = 2147483647;
			files = (
			);
			runOnlyForDeploymentPostprocessing = 0;
		};
		FE36115D2DACAF02001AFEE0 /* Frameworks */ = {
			isa = PBXFrameworksBuildPhase;
			buildActionMask = 2147483647;
			files = (
			);
			runOnlyForDeploymentPostprocessing = 0;
		};
		FE3611672DACAF02001AFEE0 /* Frameworks */ = {
			isa = PBXFrameworksBuildPhase;
			buildActionMask = 2147483647;
			files = (
			);
			runOnlyForDeploymentPostprocessing = 0;
		};
/* End PBXFrameworksBuildPhase section */

/* Begin PBXGroup section */
		FE3611412DACAF01001AFEE0 = {
			isa = PBXGroup;
			children = (
				FE36114C2DACAF01001AFEE0 /* WeShop */,
				FE3611632DACAF02001AFEE0 /* WeShopTests */,
				FE36116D2DACAF02001AFEE0 /* WeShopUITests */,
				FE36114B2DACAF01001AFEE0 /* Products */,
			);
			sourceTree = "<group>";
		};
		FE36114B2DACAF01001AFEE0 /* Products */ = {
			isa = PBXGroup;
			children = (
				FE36114A2DACAF01001AFEE0 /* WeShop.app */,
				FE3611602DACAF02001AFEE0 /* WeShopTests.xctest */,
				FE36116A2DACAF02001AFEE0 /* WeShopUITests.xctest */,
			);
			name = Products;
			sourceTree = "<group>";
		};
/* End PBXGroup section */

/* Begin PBXNativeTarget section */
		FE3611492DACAF01001AFEE0 /* WeShop */ = {
			isa = PBXNativeTarget;
			buildConfigurationList = FE3611732DACAF02001AFEE0 /* Build configuration list for PBXNativeTarget "WeShop" */;
			buildPhases = (
				FE3611462DACAF01001AFEE0 /* Sources */,
				FE3611472DACAF01001AFEE0 /* Frameworks */,
				FE3611482DACAF01001AFEE0 /* Resources */,
			);
			buildRules = (
			);
			dependencies = (
			);
			fileSystemSynchronizedGroups = (
				FE36114C2DACAF01001AFEE0 /* WeShop */,
			);
			name = WeShop;
			packageProductDependencies = (
			);
			productName = WeShop;
			productReference = FE36114A2DACAF01001AFEE0 /* WeShop.app */;
			productType = "com.apple.product-type.application";
		};
		FE36115F2DACAF02001AFEE0 /* WeShopTests */ = {
			isa = PBXNativeTarget;
			buildConfigurationList = FE3611782DACAF02001AFEE0 /* Build configuration list for PBXNativeTarget "WeShopTests" */;
			buildPhases = (
				FE36115C2DACAF02001AFEE0 /* Sources */,
				FE36115D2DACAF02001AFEE0 /* Frameworks */,
				FE36115E2DACAF02001AFEE0 /* Resources */,
			);
			buildRules = (
			);
			dependencies = (
				FE3611622DACAF02001AFEE0 /* PBXTargetDependency */,
			);
			fileSystemSynchronizedGroups = (
				FE3611632DACAF02001AFEE0 /* WeShopTests */,
			);
			name = WeShopTests;
			packageProductDependencies = (
			);
			productName = WeShopTests;
			productReference = FE3611602DACAF02001AFEE0 /* WeShopTests.xctest */;
			productType = "com.apple.product-type.bundle.unit-test";
		};
		FE3611692DACAF02001AFEE0 /* WeShopUITests */ = {
			isa = PBXNativeTarget;
			buildConfigurationList = FE36117B2DACAF02001AFEE0 /* Build configuration list for PBXNativeTarget "WeShopUITests" */;
			buildPhases = (
				FE3611662DACAF02001AFEE0 /* Sources */,
				FE3611672DACAF02001AFEE0 /* Frameworks */,
				FE3611682DACAF02001AFEE0 /* Resources */,
			);
			buildRules = (
			);
			dependencies = (
				FE36116C2DACAF02001AFEE0 /* PBXTargetDependency */,
			);
			fileSystemSynchronizedGroups = (
				FE36116D2DACAF02001AFEE0 /* WeShopUITests */,
			);
			name = WeShopUITests;
			packageProductDependencies = (
			);
			productName = WeShopUITests;
			productReference = FE36116A2DACAF02001AFEE0 /* WeShopUITests.xctest */;
			productType = "com.apple.product-type.bundle.ui-testing";
		};
/* End PBXNativeTarget section */

/* Begin PBXProject section */
		FE3611422DACAF01001AFEE0 /* Project object */ = {
			isa = PBXProject;
			attributes = {
				BuildIndependentTargetsInParallel = 1;
				LastSwiftUpdateCheck = 1630;
				LastUpgradeCheck = 1630;
				TargetAttributes = {
					FE3611492DACAF01001AFEE0 = {
						CreatedOnToolsVersion = 16.3;
					};
					FE36115F2DACAF02001AFEE0 = {
						CreatedOnToolsVersion = 16.3;
						TestTargetID = FE3611492DACAF01001AFEE0;
					};
					FE3611692DACAF02001AFEE0 = {
						CreatedOnToolsVersion = 16.3;
						TestTargetID = FE3611492DACAF01001AFEE0;
					};
				};
			};
			buildConfigurationList = FE3611452DACAF01001AFEE0 /* Build configuration list for PBXProject "WeShop" */;
			developmentRegion = en;
			hasScannedForEncodings = 0;
			knownRegions = (
				en,
				Base,
			);
			mainGroup = FE3611412DACAF01001AFEE0;
			minimizedProjectReferenceProxies = 1;
			preferredProjectObjectVersion = 77;
			productRefGroup = FE36114B2DACAF01001AFEE0 /* Products */;
			projectDirPath = "";
			projectRoot = "";
			targets = (
				FE3611492DACAF01001AFEE0 /* WeShop */,
				FE36115F2DACAF02001AFEE0 /* WeShopTests */,
				FE3611692DACAF02001AFEE0 /* WeShopUITests */,
			);
		};
/* End PBXProject section */

/* Begin PBXResourcesBuildPhase section */
		FE3611482DACAF01001AFEE0 /* Resources */ = {
			isa = PBXResourcesBuildPhase;
			buildActionMask = 2147483647;
			files = (
			);
			runOnlyForDeploymentPostprocessing = 0;
		};
		FE36115E2DACAF02001AFEE0 /* Resources */ = {
			isa = PBXResourcesBuildPhase;
			buildActionMask = 2147483647;
			files = (
			);
			runOnlyForDeploymentPostprocessing = 0;
		};
		FE3611682DACAF02001AFEE0 /* Resources */ = {
			isa = PBXResourcesBuildPhase;
			buildActionMask = 2147483647;
			files = (
			);
			runOnlyForDeploymentPostprocessing = 0;
		};
/* End PBXResourcesBuildPhase section */

/* Begin PBXSourcesBuildPhase section */
		FE3611462DACAF01001AFEE0 /* Sources */ = {
			isa = PBXSourcesBuildPhase;
			buildActionMask = 2147483647;
			files = (
			);
			runOnlyForDeploymentPostprocessing = 0;
		};
		FE36115C2DACAF02001AFEE0 /* Sources */ = {
			isa = PBXSourcesBuildPhase;
			buildActionMask = 2147483647;
			files = (
			);
			runOnlyForDeploymentPostprocessing = 0;
		};
		FE3611662DACAF02001AFEE0 /* Sources */ = {
			isa = PBXSourcesBuildPhase;
			buildActionMask = 2147483647;
			files = (
			);
			runOnlyForDeploymentPostprocessing = 0;
		};
/* End PBXSourcesBuildPhase section */

/* Begin PBXTargetDependency section */
		FE3611622DACAF02001AFEE0 /* PBXTargetDependency */ = {
			isa = PBXTargetDependency;
			target = FE3611492DACAF01001AFEE0 /* WeShop */;
			targetProxy = FE3611612DACAF02001AFEE0 /* PBXContainerItemProxy */;
		};
		FE36116C2DACAF02001AFEE0 /* PBXTargetDependency */ = {
			isa = PBXTargetDependency;
			target = FE3611492DACAF01001AFEE0 /* WeShop */;
			targetProxy = FE36116B2DACAF02001AFEE0 /* PBXContainerItemProxy */;
		};
/* End PBXTargetDependency section */

/* Begin XCBuildConfiguration section */
		FE3611742DACAF02001AFEE0 /* Debug */ = {
			isa = XCBuildConfiguration;
			buildSettings = {
				ASSETCATALOG_COMPILER_APPICON_NAME = AppIcon;
				ASSETCATALOG_COMPILER_GLOBAL_ACCENT_COLOR_NAME = AccentColor;
				CODE_SIGN_STYLE = Automatic;
				CURRENT_PROJECT_VERSION = 1;
				DEVELOPMENT_TEAM = WS3BK2UAV4;
				GENERATE_INFOPLIST_FILE = YES;
				INFOPLIST_FILE = WeShop/Info.plist;
				INFOPLIST_KEY_UIApplicationSupportsIndirectInputEvents = YES;
				INFOPLIST_KEY_UILaunchStoryboardName = LaunchScreen;
				INFOPLIST_KEY_UIMainStoryboardFile = Main;
				INFOPLIST_KEY_UISupportedInterfaceOrientations_iPad = "UIInterfaceOrientationPortrait UIInterfaceOrientationPortraitUpsideDown UIInterfaceOrientationLandscapeLeft UIInterfaceOrientationLandscapeRight";
				INFOPLIST_KEY_UISupportedInterfaceOrientations_iPhone = "UIInterfaceOrientationPortrait UIInterfaceOrientationLandscapeLeft UIInterfaceOrientationLandscapeRight";
				LD_RUNPATH_SEARCH_PATHS = (
					"$(inherited)",
					"@executable_path/Frameworks",
				);
				MARKETING_VERSION = 1.0;
				PRODUCT_BUNDLE_IDENTIFIER = minhbui.WeShop;
				PRODUCT_NAME = "$(TARGET_NAME)";
				SWIFT_EMIT_LOC_STRINGS = YES;
				SWIFT_VERSION = 5.0;
				TARGETED_DEVICE_FAMILY = "1,2";
			};
			name = Debug;
		};
		FE3611752DACAF02001AFEE0 /* Release */ = {
			isa = XCBuildConfiguration;
			buildSettings = {
				ASSETCATALOG_COMPILER_APPICON_NAME = AppIcon;
				ASSETCATALOG_COMPILER_GLOBAL_ACCENT_COLOR_NAME = AccentColor;
				CODE_SIGN_STYLE = Automatic;
				CURRENT_PROJECT_VERSION = 1;
				DEVELOPMENT_TEAM = WS3BK2UAV4;
				GENERATE_INFOPLIST_FILE = YES;
				INFOPLIST_FILE = WeShop/Info.plist;
				INFOPLIST_KEY_UIApplicationSupportsIndirectInputEvents = YES;
				INFOPLIST_KEY_UILaunchStoryboardName = LaunchScreen;
				INFOPLIST_KEY_UIMainStoryboardFile = Main;
				INFOPLIST_KEY_UISupportedInterfaceOrientations_iPad = "UIInterfaceOrientationPortrait UIInterfaceOrientationPortraitUpsideDown UIInterfaceOrientationLandscapeLeft UIInterfaceOrientationLandscapeRight";
				INFOPLIST_KEY_UISupportedInterfaceOrientations_iPhone = "UIInterfaceOrientationPortrait UIInterfaceOrientationLandscapeLeft UIInterfaceOrientationLandscapeRight";
				LD_RUNPATH_SEARCH_PATHS = (
					"$(inherited)",
					"@executable_path/Frameworks",
				);
				MARKETING_VERSION = 1.0;
				PRODUCT_BUNDLE_IDENTIFIER = minhbui.WeShop;
				PRODUCT_NAME = "$(TARGET_NAME)";
				SWIFT_EMIT_LOC_STRINGS = YES;
				SWIFT_VERSION = 5.0;
				TARGETED_DEVICE_FAMILY = "1,2";
			};
			name = Release;
		};
		FE3611762DACAF02001AFEE0 /* Debug */ = {
			isa = XCBuildConfiguration;
			buildSettings = {
				ALWAYS_SEARCH_USER_PATHS = NO;
				ASSETCATALOG_COMPILER_GENERATE_SWIFT_ASSET_SYMBOL_EXTENSIONS = YES;
				CLANG_ANALYZER_NONNULL = YES;
				CLANG_ANALYZER_NUMBER_OBJECT_CONVERSION = YES_AGGRESSIVE;
				CLANG_CXX_LANGUAGE_STANDARD = "gnu++20";
				CLANG_ENABLE_MODULES = YES;
				CLANG_ENABLE_OBJC_ARC = YES;
				CLANG_ENABLE_OBJC_WEAK = YES;
				CLANG_WARN_BLOCK_CAPTURE_AUTORELEASING = YES;
				CLANG_WARN_BOOL_CONVERSION = YES;
				CLANG_WARN_COMMA = YES;
				CLANG_WARN_CONSTANT_CONVERSION = YES;
				CLANG_WARN_DEPRECATED_OBJC_IMPLEMENTATIONS = YES;
				CLANG_WARN_DIRECT_OBJC_ISA_USAGE = YES_ERROR;
				CLANG_WARN_DOCUMENTATION_COMMENTS = YES;
				CLANG_WARN_EMPTY_BODY = YES;
				CLANG_WARN_ENUM_CONVERSION = YES;
				CLANG_WARN_INFINITE_RECURSION = YES;
				CLANG_WARN_INT_CONVERSION = YES;
				CLANG_WARN_NON_LITERAL_NULL_CONVERSION = YES;
				CLANG_WARN_OBJC_IMPLICIT_RETAIN_SELF = YES;
				CLANG_WARN_OBJC_LITERAL_CONVERSION = YES;
				CLANG_WARN_OBJC_ROOT_CLASS = YES_ERROR;
				CLANG_WARN_QUOTED_INCLUDE_IN_FRAMEWORK_HEADER = YES;
				CLANG_WARN_RANGE_LOOP_ANALYSIS = YES;
				CLANG_WARN_STRICT_PROTOTYPES = YES;
				CLANG_WARN_SUSPICIOUS_MOVE = YES;
				CLANG_WARN_UNGUARDED_AVAILABILITY = YES_AGGRESSIVE;
				CLANG_WARN_UNREACHABLE_CODE = YES;
				CLANG_WARN__DUPLICATE_METHOD_MATCH = YES;
				COPY_PHASE_STRIP = NO;
				DEBUG_INFORMATION_FORMAT = dwarf;
				DEVELOPMENT_TEAM = WS3BK2UAV4;
				ENABLE_STRICT_OBJC_MSGSEND = YES;
				ENABLE_TESTABILITY = YES;
				ENABLE_USER_SCRIPT_SANDBOXING = YES;
				GCC_C_LANGUAGE_STANDARD = gnu17;
				GCC_DYNAMIC_NO_PIC = NO;
				GCC_NO_COMMON_BLOCKS = YES;
				GCC_OPTIMIZATION_LEVEL = 0;
				GCC_PREPROCESSOR_DEFINITIONS = (
					"DEBUG=1",
					"$(inherited)",
				);
				GCC_WARN_64_TO_32_BIT_CONVERSION = YES;
				GCC_WARN_ABOUT_RETURN_TYPE = YES_ERROR;
				GCC_WARN_UNDECLARED_SELECTOR = YES;
				GCC_WARN_UNINITIALIZED_AUTOS = YES_AGGRESSIVE;
				GCC_WARN_UNUSED_FUNCTION = YES;
				GCC_WARN_UNUSED_VARIABLE = YES;
				IPHONEOS_DEPLOYMENT_TARGET = 18.4;
				LOCALIZATION_PREFERS_STRING_CATALOGS = YES;
				MTL_ENABLE_DEBUG_INFO = INCLUDE_SOURCE;
				MTL_FAST_MATH = YES;
				ONLY_ACTIVE_ARCH = YES;
				SDKROOT = iphoneos;
				SWIFT_ACTIVE_COMPILATION_CONDITIONS = "DEBUG $(inherited)";
				SWIFT_OPTIMIZATION_LEVEL = "-Onone";
			};
			name = Debug;
		};
		FE3611772DACAF02001AFEE0 /* Release */ = {
			isa = XCBuildConfiguration;
			buildSettings = {
				ALWAYS_SEARCH_USER_PATHS = NO;
				ASSETCATALOG_COMPILER_GENERATE_SWIFT_ASSET_SYMBOL_EXTENSIONS = YES;
				CLANG_ANALYZER_NONNULL = YES;
				CLANG_ANALYZER_NUMBER_OBJECT_CONVERSION = YES_AGGRESSIVE;
				CLANG_CXX_LANGUAGE_STANDARD = "gnu++20";
				CLANG_ENABLE_MODULES = YES;
				CLANG_ENABLE_OBJC_ARC = YES;
				CLANG_ENABLE_OBJC_WEAK = YES;
				CLANG_WARN_BLOCK_CAPTURE_AUTORELEASING = YES;
				CLANG_WARN_BOOL_CONVERSION = YES;
				CLANG_WARN_COMMA = YES;
				CLANG_WARN_CONSTANT_CONVERSION = YES;
				CLANG_WARN_DEPRECATED_OBJC_IMPLEMENTATIONS = YES;
				CLANG_WARN_DIRECT_OBJC_ISA_USAGE = YES_ERROR;
				CLANG_WARN_DOCUMENTATION_COMMENTS = YES;
				CLANG_WARN_EMPTY_BODY = YES;
				CLANG_WARN_ENUM_CONVERSION = YES;
				CLANG_WARN_INFINITE_RECURSION = YES;
				CLANG_WARN_INT_CONVERSION = YES;
				CLANG_WARN_NON_LITERAL_NULL_CONVERSION = YES;
				CLANG_WARN_OBJC_IMPLICIT_RETAIN_SELF = YES;
				CLANG_WARN_OBJC_LITERAL_CONVERSION = YES;
				CLANG_WARN_OBJC_ROOT_CLASS = YES_ERROR;
				CLANG_WARN_QUOTED_INCLUDE_IN_FRAMEWORK_HEADER = YES;
				CLANG_WARN_RANGE_LOOP_ANALYSIS = YES;
				CLANG_WARN_STRICT_PROTOTYPES = YES;
				CLANG_WARN_SUSPICIOUS_MOVE = YES;
				CLANG_WARN_UNGUARDED_AVAILABILITY = YES_AGGRESSIVE;
				CLANG_WARN_UNREACHABLE_CODE = YES;
				CLANG_WARN__DUPLICATE_METHOD_MATCH = YES;
				COPY_PHASE_STRIP = NO;
				DEBUG_INFORMATION_FORMAT = "dwarf-with-dsym";
				DEVELOPMENT_TEAM = WS3BK2UAV4;
				ENABLE_NS_ASSERTIONS = NO;
				ENABLE_STRICT_OBJC_MSGSEND = YES;
				ENABLE_USER_SCRIPT_SANDBOXING = YES;
				GCC_C_LANGUAGE_STANDARD = gnu17;
				GCC_NO_COMMON_BLOCKS = YES;
				GCC_WARN_64_TO_32_BIT_CONVERSION = YES;
				GCC_WARN_ABOUT_RETURN_TYPE = YES_ERROR;
				GCC_WARN_UNDECLARED_SELECTOR = YES;
				GCC_WARN_UNINITIALIZED_AUTOS = YES_AGGRESSIVE;
				GCC_WARN_UNUSED_FUNCTION = YES;
				GCC_WARN_UNUSED_VARIABLE = YES;
				IPHONEOS_DEPLOYMENT_TARGET = 18.4;
				LOCALIZATION_PREFERS_STRING_CATALOGS = YES;
				MTL_ENABLE_DEBUG_INFO = NO;
				MTL_FAST_MATH = YES;
				SDKROOT = iphoneos;
				SWIFT_COMPILATION_MODE = wholemodule;
				VALIDATE_PRODUCT = YES;
			};
			name = Release;
		};
		FE3611792DACAF02001AFEE0 /* Debug */ = {
			isa = XCBuildConfiguration;
			buildSettings = {
				BUNDLE_LOADER = "$(TEST_HOST)";
				CODE_SIGN_STYLE = Automatic;
				CURRENT_PROJECT_VERSION = 1;
				DEVELOPMENT_TEAM = WS3BK2UAV4;
				GENERATE_INFOPLIST_FILE = YES;
				IPHONEOS_DEPLOYMENT_TARGET = 18.4;
				MARKETING_VERSION = 1.0;
				PRODUCT_BUNDLE_IDENTIFIER = minhbui.WeShopTests;
				PRODUCT_NAME = "$(TARGET_NAME)";
				SWIFT_EMIT_LOC_STRINGS = NO;
				SWIFT_VERSION = 5.0;
				TARGETED_DEVICE_FAMILY = "1,2";
				TEST_HOST = "$(BUILT_PRODUCTS_DIR)/WeShop.app/$(BUNDLE_EXECUTABLE_FOLDER_PATH)/WeShop";
			};
			name = Debug;
		};
		FE36117A2DACAF02001AFEE0 /* Release */ = {
			isa = XCBuildConfiguration;
			buildSettings = {
				BUNDLE_LOADER = "$(TEST_HOST)";
				CODE_SIGN_STYLE = Automatic;
				CURRENT_PROJECT_VERSION = 1;
				DEVELOPMENT_TEAM = WS3BK2UAV4;
				GENERATE_INFOPLIST_FILE = YES;
				IPHONEOS_DEPLOYMENT_TARGET = 18.4;
				MARKETING_VERSION = 1.0;
				PRODUCT_BUNDLE_IDENTIFIER = minhbui.WeShopTests;
				PRODUCT_NAME = "$(TARGET_NAME)";
				SWIFT_EMIT_LOC_STRINGS = NO;
				SWIFT_VERSION = 5.0;
				TARGETED_DEVICE_FAMILY = "1,2";
				TEST_HOST = "$(BUILT_PRODUCTS_DIR)/WeShop.app/$(BUNDLE_EXECUTABLE_FOLDER_PATH)/WeShop";
			};
			name = Release;
		};
		FE36117C2DACAF02001AFEE0 /* Debug */ = {
			isa = XCBuildConfiguration;
			buildSettings = {
				CODE_SIGN_STYLE = Automatic;
				CURRENT_PROJECT_VERSION = 1;
				DEVELOPMENT_TEAM = WS3BK2UAV4;
				GENERATE_INFOPLIST_FILE = YES;
				MARKETING_VERSION = 1.0;
				PRODUCT_BUNDLE_IDENTIFIER = minhbui.WeShopUITests;
				PRODUCT_NAME = "$(TARGET_NAME)";
				SWIFT_EMIT_LOC_STRINGS = NO;
				SWIFT_VERSION = 5.0;
				TARGETED_DEVICE_FAMILY = "1,2";
				TEST_TARGET_NAME = WeShop;
			};
			name = Debug;
		};
		FE36117D2DACAF02001AFEE0 /* Release */ = {
			isa = XCBuildConfiguration;
			buildSettings = {
				CODE_SIGN_STYLE = Automatic;
				CURRENT_PROJECT_VERSION = 1;
				DEVELOPMENT_TEAM = WS3BK2UAV4;
				GENERATE_INFOPLIST_FILE = YES;
				MARKETING_VERSION = 1.0;
				PRODUCT_BUNDLE_IDENTIFIER = minhbui.WeShopUITests;
				PRODUCT_NAME = "$(TARGET_NAME)";
				SWIFT_EMIT_LOC_STRINGS = NO;
				SWIFT_VERSION = 5.0;
				TARGETED_DEVICE_FAMILY = "1,2";
				TEST_TARGET_NAME = WeShop;
			};
			name = Release;
		};
/* End XCBuildConfiguration section */

/* Begin XCConfigurationList section */
		FE3611452DACAF01001AFEE0 /* Build configuration list for PBXProject "WeShop" */ = {
			isa = XCConfigurationList;
			buildConfigurations = (
				FE3611762DACAF02001AFEE0 /* Debug */,
				FE3611772DACAF02001AFEE0 /* Release */,
			);
			defaultConfigurationIsVisible = 0;
			defaultConfigurationName = Release;
		};
		FE3611732DACAF02001AFEE0 /* Build configuration list for PBXNativeTarget "WeShop" */ = {
			isa = XCConfigurationList;
			buildConfigurations = (
				FE3611742DACAF02001AFEE0 /* Debug */,
				FE3611752DACAF02001AFEE0 /* Release */,
			);
			defaultConfigurationIsVisible = 0;
			defaultConfigurationName = Release;
		};
		FE3611782DACAF02001AFEE0 /* Build configuration list for PBXNativeTarget "WeShopTests" */ = {
			isa = XCConfigurationList;
			buildConfigurations = (
				FE3611792DACAF02001AFEE0 /* Debug */,
				FE36117A2DACAF02001AFEE0 /* Release */,
			);
			defaultConfigurationIsVisible = 0;
			defaultConfigurationName = Release;
		};
		FE36117B2DACAF02001AFEE0 /* Build configuration list for PBXNativeTarget "WeShopUITests" */ = {
			isa = XCConfigurationList;
			buildConfigurations = (
				FE36117C2DACAF02001AFEE0 /* Debug */,
				FE36117D2DACAF02001AFEE0 /* Release */,
			);
			defaultConfigurationIsVisible = 0;
			defaultConfigurationName = Release;
		};
/* End XCConfigurationList section */
	};
	rootObject = FE3611422DACAF01001AFEE0 /* Project object */;
}
